// !$*UTF8*$!
{
	archiveVersion = 1;
	classes = {
	};
	objectVersion = 46;
	objects = {

/* Begin PBXBuildFile section */
		4454BC191DF4623000276C9A /* AppDelegate.swift in Sources */ = {isa = PBXBuildFile; fileRef = 4454BC181DF4623000276C9A /* AppDelegate.swift */; };
		4454BC1E1DF4623000276C9A /* Main.storyboard in Resources */ = {isa = PBXBuildFile; fileRef = 4454BC1C1DF4623000276C9A /* Main.storyboard */; };
		4454BC201DF4623000276C9A /* Assets.xcassets in Resources */ = {isa = PBXBuildFile; fileRef = 4454BC1F1DF4623000276C9A /* Assets.xcassets */; };
		4454BC231DF4623000276C9A /* LaunchScreen.storyboard in Resources */ = {isa = PBXBuildFile; fileRef = 4454BC211DF4623000276C9A /* LaunchScreen.storyboard */; };
		4454BC2B1DF463CD00276C9A /* RestaurantTableViewController.swift in Sources */ = {isa = PBXBuildFile; fileRef = 4454BC2A1DF463CD00276C9A /* RestaurantTableViewController.swift */; };
		4454BC2D1DF4733200276C9A /* RestaurantTableViewCell.swift in Sources */ = {isa = PBXBuildFile; fileRef = 4454BC2C1DF4733200276C9A /* RestaurantTableViewCell.swift */; };
/* End PBXBuildFile section */

/* Begin PBXFileReference section */
		4454BC151DF4623000276C9A /* Food Plus.app */ = {isa = PBXFileReference; explicitFileType = wrapper.application; includeInIndex = 0; path = "Food Plus.app"; sourceTree = BUILT_PRODUCTS_DIR; };
		4454BC181DF4623000276C9A /* AppDelegate.swift */ = {isa = PBXFileReference; lastKnownFileType = sourcecode.swift; path = AppDelegate.swift; sourceTree = "<group>"; };
		4454BC1D1DF4623000276C9A /* Base */ = {isa = PBXFileReference; lastKnownFileType = file.storyboard; name = Base; path = Base.lproj/Main.storyboard; sourceTree = "<group>"; };
		4454BC1F1DF4623000276C9A /* Assets.xcassets */ = {isa = PBXFileReference; lastKnownFileType = folder.assetcatalog; path = Assets.xcassets; sourceTree = "<group>"; };
		4454BC221DF4623000276C9A /* Base */ = {isa = PBXFileReference; lastKnownFileType = file.storyboard; name = Base; path = Base.lproj/LaunchScreen.storyboard; sourceTree = "<group>"; };
		4454BC241DF4623000276C9A /* Info.plist */ = {isa = PBXFileReference; lastKnownFileType = text.plist.xml; path = Info.plist; sourceTree = "<group>"; };
		4454BC2A1DF463CD00276C9A /* RestaurantTableViewController.swift */ = {isa = PBXFileReference; fileEncoding = 4; lastKnownFileType = sourcecode.swift; path = RestaurantTableViewController.swift; sourceTree = "<group>"; };
		4454BC2C1DF4733200276C9A /* RestaurantTableViewCell.swift */ = {isa = PBXFileReference; fileEncoding = 4; lastKnownFileType = sourcecode.swift; path = RestaurantTableViewCell.swift; sourceTree = "<group>"; };
/* End PBXFileReference section */

/* Begin PBXFrameworksBuildPhase section */
		4454BC121DF4623000276C9A /* Frameworks */ = {
			isa = PBXFrameworksBuildPhase;
			buildActionMask = 2147483647;
			files = (
			);
			runOnlyForDeploymentPostprocessing = 0;
		};
/* End PBXFrameworksBuildPhase section */

/* Begin PBXGroup section */
		4454BC0C1DF4623000276C9A = {
			isa = PBXGroup;
			children = (
				4454BC171DF4623000276C9A /* Food Plus */,
				4454BC161DF4623000276C9A /* Products */,
			);
			sourceTree = "<group>";
		};
		4454BC161DF4623000276C9A /* Products */ = {
			isa = PBXGroup;
			children = (
				4454BC151DF4623000276C9A /* Food Plus.app */,
			);
			name = Products;
			sourceTree = "<group>";
		};
		4454BC171DF4623000276C9A /* Food Plus */ = {
			isa = PBXGroup;
			children = (
				4454BC181DF4623000276C9A /* AppDelegate.swift */,
				4454BC1C1DF4623000276C9A /* Main.storyboard */,
				4454BC1F1DF4623000276C9A /* Assets.xcassets */,
				4454BC211DF4623000276C9A /* LaunchScreen.storyboard */,
				4454BC241DF4623000276C9A /* Info.plist */,
				4454BC2A1DF463CD00276C9A /* RestaurantTableViewController.swift */,
				4454BC2C1DF4733200276C9A /* RestaurantTableViewCell.swift */,
			);
			path = "Food Plus";
			sourceTree = "<group>";
		};
/* End PBXGroup section */

/* Begin PBXNativeTarget section */
		4454BC141DF4623000276C9A /* Food Plus */ = {
			isa = PBXNativeTarget;
			buildConfigurationList = 4454BC271DF4623000276C9A /* Build configuration list for PBXNativeTarget "Food Plus" */;
			buildPhases = (
				4454BC111DF4623000276C9A /* Sources */,
				4454BC121DF4623000276C9A /* Frameworks */,
				4454BC131DF4623000276C9A /* Resources */,
			);
			buildRules = (
			);
			dependencies = (
			);
			name = "Food Plus";
			productName = "Food Plus";
			productReference = 4454BC151DF4623000276C9A /* Food Plus.app */;
			productType = "com.apple.product-type.application";
		};
/* End PBXNativeTarget section */

/* Begin PBXProject section */
		4454BC0D1DF4623000276C9A /* Project object */ = {
			isa = PBXProject;
			attributes = {
				LastSwiftUpdateCheck = 0810;
				LastUpgradeCheck = 0810;
				ORGANIZATIONNAME = elKsa;
				TargetAttributes = {
					4454BC141DF4623000276C9A = {
						CreatedOnToolsVersion = 8.1;
						ProvisioningStyle = Automatic;
					};
				};
			};
			buildConfigurationList = 4454BC101DF4623000276C9A /* Build configuration list for PBXProject "Food Plus" */;
			compatibilityVersion = "Xcode 3.2";
			developmentRegion = English;
			hasScannedForEncodings = 0;
			knownRegions = (
				en,
				Base,
			);
			mainGroup = 4454BC0C1DF4623000276C9A;
			productRefGroup = 4454BC161DF4623000276C9A /* Products */;
			projectDirPath = "";
			projectRoot = "";
			targets = (
				4454BC141DF4623000276C9A /* Food Plus */,
			);
		};
/* End PBXProject section */

/* Begin PBXResourcesBuildPhase section */
		4454BC131DF4623000276C9A /* Resources */ = {
			isa = PBXResourcesBuildPhase;
			buildActionMask = 2147483647;
			files = (
				4454BC231DF4623000276C9A /* LaunchScreen.storyboard in Resources */,
				4454BC201DF4623000276C9A /* Assets.xcassets in Resources */,
				4454BC1E1DF4623000276C9A /* Main.storyboard in Resources */,
			);
			runOnlyForDeploymentPostprocessing = 0;
		};
/* End PBXResourcesBuildPhase section */

/* Begin PBXSourcesBuildPhase section */
		4454BC111DF4623000276C9A /* Sources */ = {
			isa = PBXSourcesBuildPhase;
			buildActionMask = 2147483647;
			files = (
				4454BC2B1DF463CD00276C9A /* RestaurantTableViewController.swift in Sources */,
				4454BC2D1DF4733200276C9A /* RestaurantTableViewCell.swift in Sources */,
				4454BC191DF4623000276C9A /* AppDelegate.swift in Sources */,
			);
			runOnlyForDeploymentPostprocessing = 0;
		};
/* End PBXSourcesBuildPhase section */

/* Begin PBXVariantGroup section */
		4454BC1C1DF4623000276C9A /* Main.storyboard */ = {
			isa = PBXVariantGroup;
			children = (
				4454BC1D1DF4623000276C9A /* Base */,
			);
			name = Main.storyboard;
			sourceTree = "<group>";
		};
		4454BC211DF4623000276C9A /* LaunchScreen.storyboard */ = {
			isa = PBXVariantGroup;
			children = (
				4454BC221DF4623000276C9A /* Base */,
			);
			name = LaunchScreen.storyboard;
			sourceTree = "<group>";
		};
/* End PBXVariantGroup section */

/* Begin XCBuildConfiguration section */
		4454BC251DF4623000276C9A /* Debug */ = {
			isa = XCBuildConfiguration;
			buildSettings = {
				ALWAYS_SEARCH_USER_PATHS = NO;
				CLANG_ANALYZER_NONNULL = YES;
				CLANG_CXX_LANGUAGE_STANDARD = "gnu++0x";
				CLANG_CXX_LIBRARY = "libc++";
				CLANG_ENABLE_MODULES = YES;
				CLANG_ENABLE_OBJC_ARC = YES;
				CLANG_WARN_BOOL_CONVERSION = YES;
				CLANG_WARN_CONSTANT_CONVERSION = YES;
				CLANG_WARN_DIRECT_OBJC_ISA_USAGE = YES_ERROR;
				CLANG_WARN_DOCUMENTATION_COMMENTS = YES;
				CLANG_WARN_EMPTY_BODY = YES;
				CLANG_WARN_ENUM_CONVERSION = YES;
				CLANG_WARN_INFINITE_RECURSION = YES;
				CLANG_WARN_INT_CONVERSION = YES;
				CLANG_WARN_OBJC_ROOT_CLASS = YES_ERROR;
				CLANG_WARN_SUSPICIOUS_MOVES = YES;
				CLANG_WARN_UNREACHABLE_CODE = YES;
				CLANG_WARN__DUPLICATE_METHOD_MATCH = YES;
				"CODE_SIGN_IDENTITY[sdk=iphoneos*]" = "iPhone Developer";
				COPY_PHASE_STRIP = NO;
				DEBUG_INFORMATION_FORMAT = dwarf;
				ENABLE_STRICT_OBJC_MSGSEND = YES;
				ENABLE_TESTABILITY = YES;
				GCC_C_LANGUAGE_STANDARD = gnu99;
				GCC_DYNAMIC_NO_PIC = NO;
				GCC_NO_COMMON_BLOCKS = YES;
				GCC_OPTIMIZATION_LEVEL = 0;
				GCC_PREPROCESSOR_DEFINITIONS = (
					"DEBUG=1",
					"$(inherited)",
				);
				GCC_WARN_64_TO_32_BIT_CONVERSION = YES;
				GCC_WARN_ABOUT_RETURN_TYPE = YES_ERROR;
				GCC_WARN_UNDECLARED_SELECTOR = YES;
				GCC_WARN_UNINITIALIZED_AUTOS = YES_AGGRESSIVE;
				GCC_WARN_UNUSED_FUNCTION = YES;
				GCC_WARN_UNUSED_VARIABLE = YES;
				IPHONEOS_DEPLOYMENT_TARGET = 10.1;
				MTL_ENABLE_DEBUG_INFO = YES;
				ONLY_ACTIVE_ARCH = YES;
				SDKROOT = iphoneos;
				SWIFT_ACTIVE_COMPILATION_CONDITIONS = DEBUG;
				SWIFT_OPTIMIZATION_LEVEL = "-Onone";
			};
			name = Debug;
		};
		4454BC261DF4623000276C9A /* Release */ = {
			isa = XCBuildConfiguration;
			buildSettings = {
				ALWAYS_SEARCH_USER_PATHS = NO;
				CLANG_ANALYZER_NONNULL = YES;
				CLANG_CXX_LANGUAGE_STANDARD = "gnu++0x";
				CLANG_CXX_LIBRARY = "libc++";
				CLANG_ENABLE_MODULES = YES;
				CLANG_ENABLE_OBJC_ARC = YES;
				CLANG_WARN_BOOL_CONVERSION = YES;
				CLANG_WARN_CONSTANT_CONVERSION = YES;
				CLANG_WARN_DIRECT_OBJC_ISA_USAGE = YES_ERROR;
				CLANG_WARN_DOCUMENTATION_COMMENTS = YES;
				CLANG_WARN_EMPTY_BODY = YES;
				CLANG_WARN_ENUM_CONVERSION = YES;
				CLANG_WARN_INFINITE_RECURSION = YES;
				CLANG_WARN_INT_CONVERSION = YES;
				CLANG_WARN_OBJC_ROOT_CLASS = YES_ERROR;
				CLANG_WARN_SUSPICIOUS_MOVES = YES;
				CLANG_WARN_UNREACHABLE_CODE = YES;
				CLANG_WARN__DUPLICATE_METHOD_MATCH = YES;
				"CODE_SIGN_IDENTITY[sdk=iphoneos*]" = "iPhone Developer";
				COPY_PHASE_STRIP = NO;
				DEBUG_INFORMATION_FORMAT = "dwarf-with-dsym";
				ENABLE_NS_ASSERTIONS = NO;
				ENABLE_STRICT_OBJC_MSGSEND = YES;
				GCC_C_LANGUAGE_STANDARD = gnu99;
				GCC_NO_COMMON_BLOCKS = YES;
				GCC_WARN_64_TO_32_BIT_CONVERSION = YES;
				GCC_WARN_ABOUT_RETURN_TYPE = YES_ERROR;
				GCC_WARN_UNDECLARED_SELECTOR = YES;
				GCC_WARN_UNINITIALIZED_AUTOS = YES_AGGRESSIVE;
				GCC_WARN_UNUSED_FUNCTION = YES;
				GCC_WARN_UNUSED_VARIABLE = YES;
				IPHONEOS_DEPLOYMENT_TARGET = 10.1;
				MTL_ENABLE_DEBUG_INFO = NO;
				SDKROOT = iphoneos;
				SWIFT_OPTIMIZATION_LEVEL = "-Owholemodule";
				VALIDATE_PRODUCT = YES;
			};
			name = Release;
		};
		4454BC281DF4623000276C9A /* Debug */ = {
			isa = XCBuildConfiguration;
			buildSettings = {
				ASSETCATALOG_COMPILER_APPICON_NAME = AppIcon;
				INFOPLIST_FILE = "Food Plus/Info.plist";
				LD_RUNPATH_SEARCH_PATHS = "$(inherited) @executable_path/Frameworks";
				PRODUCT_BUNDLE_IDENTIFIER = "com.-elksa.Food-Plus";
				PRODUCT_NAME = "$(TARGET_NAME)";
				SWIFT_VERSION = 3.0;
			};
			name = Debug;
		};
		4454BC291DF4623000276C9A /* Release */ = {
			isa = XCBuildConfiguration;
			buildSettings = {
				ASSETCATALOG_COMPILER_APPICON_NAME = AppIcon;
				INFOPLIST_FILE = "Food Plus/Info.plist";
				LD_RUNPATH_SEARCH_PATHS = "$(inherited) @executable_path/Frameworks";
				PRODUCT_BUNDLE_IDENTIFIER = "com.-elksa.Food-Plus";
				PRODUCT_NAME = "$(TARGET_NAME)";
				SWIFT_VERSION = 3.0;
			};
			name = Release;
		};
/* End XCBuildConfiguration section */

/* Begin XCConfigurationList section */
		4454BC101DF4623000276C9A /* Build configuration list for PBXProject "Food Plus" */ = {
			isa = XCConfigurationList;
			buildConfigurations = (
				4454BC251DF4623000276C9A /* Debug */,
				4454BC261DF4623000276C9A /* Release */,
			);
			defaultConfigurationIsVisible = 0;
			defaultConfigurationName = Release;
		};
		4454BC271DF4623000276C9A /* Build configuration list for PBXNativeTarget "Food Plus" */ = {
			isa = XCConfigurationList;
			buildConfigurations = (
				4454BC281DF4623000276C9A /* Debug */,
				4454BC291DF4623000276C9A /* Release */,
			);
			defaultConfigurationIsVisible = 0;
			defaultConfigurationName = Release;
		};
/* End XCConfigurationList section */
	};
	rootObject = 4454BC0D1DF4623000276C9A /* Project object */;
}
